
Microsoft Visual Studio Solution File, Format Version 12.00
# Visual Studio Version 17
VisualStudioVersion = 17.0.31903.59
MinimumVisualStudioVersion = 10.0.40219.1
Project("{2150E333-8FDC-42A3-9474-1A3956D46DE8}") = "src", "src", "{10B493B7-0C70-426E-A9D0-76D12A807406}"
EndProject
Project("{FAE04EC0-301F-11D3-BF4B-00C04F79EFBC}") = "Trakx.Circle.ApiClient", "src\Trakx.Circle.ApiClient\Trakx.Circle.ApiClient.csproj", "{BF1F3EA8-2AAC-4D58-B043-363981A7DBE1}"
EndProject
Project("{FAE04EC0-301F-11D3-BF4B-00C04F79EFBC}") = "Trakx.Circle.ApiClient.Tests", "src\Trakx.Circle.ApiClient.Tests\Trakx.Circle.ApiClient.Tests.csproj", "{EAFA9F58-45FF-4296-A516-4F01F2385C7E}"
EndProject
Global
	GlobalSection(SolutionConfigurationPlatforms) = preSolution
		Debug|Any CPU = Debug|Any CPU
		Release|Any CPU = Release|Any CPU
	EndGlobalSection
	GlobalSection(SolutionProperties) = preSolution
		HideSolutionNode = FALSE
	EndGlobalSection
	GlobalSection(ProjectConfigurationPlatforms) = postSolution
		{BF1F3EA8-2AAC-4D58-B043-363981A7DBE1}.Debug|Any CPU.ActiveCfg = Debug|Any CPU
		{BF1F3EA8-2AAC-4D58-B043-363981A7DBE1}.Debug|Any CPU.Build.0 = Debug|Any CPU
		{BF1F3EA8-2AAC-4D58-B043-363981A7DBE1}.Release|Any CPU.ActiveCfg = Release|Any CPU
		{BF1F3EA8-2AAC-4D58-B043-363981A7DBE1}.Release|Any CPU.Build.0 = Release|Any CPU
		{EAFA9F58-45FF-4296-A516-4F01F2385C7E}.Debug|Any CPU.ActiveCfg = Debug|Any CPU
		{EAFA9F58-45FF-4296-A516-4F01F2385C7E}.Debug|Any CPU.Build.0 = Debug|Any CPU
		{EAFA9F58-45FF-4296-A516-4F01F2385C7E}.Release|Any CPU.ActiveCfg = Release|Any CPU
		{EAFA9F58-45FF-4296-A516-4F01F2385C7E}.Release|Any CPU.Build.0 = Release|Any CPU
	EndGlobalSection
	GlobalSection(NestedProjects) = preSolution
		{BF1F3EA8-2AAC-4D58-B043-363981A7DBE1} = {10B493B7-0C70-426E-A9D0-76D12A807406}
		{EAFA9F58-45FF-4296-A516-4F01F2385C7E} = {10B493B7-0C70-426E-A9D0-76D12A807406}
	EndGlobalSection
EndGlobal
